// !$*UTF8*$!
{
	archiveVersion = 1;
	classes = {
	};
	objectVersion = 56;
	objects = {

/* Begin PBXBuildFile section */
		98E40F70292DBFA100BBFD48 /* Translator.swift in Sources */ = {isa = PBXBuildFile; fileRef = 98E40F6E292DBFA100BBFD48 /* Translator.swift */; };
		98E40F71292DBFA100BBFD48 /* ECDICTHelper.swift in Sources */ = {isa = PBXBuildFile; fileRef = 98E40F6F292DBFA100BBFD48 /* ECDICTHelper.swift */; };
		98E40F73292DBFCA00BBFD48 /* DocumentTranslatorView.swift in Sources */ = {isa = PBXBuildFile; fileRef = 98E40F72292DBFCA00BBFD48 /* DocumentTranslatorView.swift */; };
		98E40F75292DC94800BBFD48 /* pg69407.epub in Resources */ = {isa = PBXBuildFile; fileRef = 98E40F74292DC94800BBFD48 /* pg69407.epub */; };
		B436B5FF2927AE2C009F1A1B /* WebView.swift in Sources */ = {isa = PBXBuildFile; fileRef = B436B5FE2927AE2C009F1A1B /* WebView.swift */; };
		B436B61C2927D1B5009F1A1B /* PageViewController.swift in Sources */ = {isa = PBXBuildFile; fileRef = B436B61B2927D1B5009F1A1B /* PageViewController.swift */; };
		B436B61E29286969009F1A1B /* DocumentPickerView.swift in Sources */ = {isa = PBXBuildFile; fileRef = B436B61D29286968009F1A1B /* DocumentPickerView.swift */; };
		B436B62229286F18009F1A1B /* DocumentListView.swift in Sources */ = {isa = PBXBuildFile; fileRef = B436B62129286F18009F1A1B /* DocumentListView.swift */; };
		B436B624292870FC009F1A1B /* DocumentView.swift in Sources */ = {isa = PBXBuildFile; fileRef = B436B623292870FC009F1A1B /* DocumentView.swift */; };
		B44EE6ED2928EC0D0005B083 /* DocumentTextView.swift in Sources */ = {isa = PBXBuildFile; fileRef = B44EE6EC2928EC0D0005B083 /* DocumentTextView.swift */; };
		B44EE6EF2928EC9C0005B083 /* DocumentTextContainer.swift in Sources */ = {isa = PBXBuildFile; fileRef = B44EE6EE2928EC9C0005B083 /* DocumentTextContainer.swift */; };
		B46828F429278CE900A3E113 /* slothApp.swift in Sources */ = {isa = PBXBuildFile; fileRef = B46828F329278CE900A3E113 /* slothApp.swift */; };
		B46828F629278CE900A3E113 /* ContentView.swift in Sources */ = {isa = PBXBuildFile; fileRef = B46828F529278CE900A3E113 /* ContentView.swift */; };
		B46828F829278CEB00A3E113 /* Assets.xcassets in Resources */ = {isa = PBXBuildFile; fileRef = B46828F729278CEB00A3E113 /* Assets.xcassets */; };
		B46828FB29278CEB00A3E113 /* Preview Assets.xcassets in Resources */ = {isa = PBXBuildFile; fileRef = B46828FA29278CEB00A3E113 /* Preview Assets.xcassets */; };
		B4E7627B292A2974000D44AF /* EPUBKit in Frameworks */ = {isa = PBXBuildFile; productRef = B4E7627A292A2974000D44AF /* EPUBKit */; };
		B4E76282292BAE10000D44AF /* SQLite in Frameworks */ = {isa = PBXBuildFile; productRef = B4E76281292BAE10000D44AF /* SQLite */; };
		B4E76286292D9AC8000D44AF /* ecdict.db.zip in Resources */ = {isa = PBXBuildFile; fileRef = B4E76285292D9AC8000D44AF /* ecdict.db.zip */; };
		B4E76288292D9AF0000D44AF /* WebListView.swift in Sources */ = {isa = PBXBuildFile; fileRef = B4E76287292D9AF0000D44AF /* WebListView.swift */; };
/* End PBXBuildFile section */

/* Begin PBXFileReference section */
		98E40F6E292DBFA100BBFD48 /* Translator.swift */ = {isa = PBXFileReference; fileEncoding = 4; lastKnownFileType = sourcecode.swift; path = Translator.swift; sourceTree = "<group>"; };
		98E40F6F292DBFA100BBFD48 /* ECDICTHelper.swift */ = {isa = PBXFileReference; fileEncoding = 4; lastKnownFileType = sourcecode.swift; path = ECDICTHelper.swift; sourceTree = "<group>"; };
		98E40F72292DBFCA00BBFD48 /* DocumentTranslatorView.swift */ = {isa = PBXFileReference; lastKnownFileType = sourcecode.swift; path = DocumentTranslatorView.swift; sourceTree = "<group>"; };
		98E40F74292DC94800BBFD48 /* pg69407.epub */ = {isa = PBXFileReference; lastKnownFileType = file; path = pg69407.epub; sourceTree = "<group>"; };
		B436B5FE2927AE2C009F1A1B /* WebView.swift */ = {isa = PBXFileReference; lastKnownFileType = sourcecode.swift; path = WebView.swift; sourceTree = "<group>"; };
		B436B61B2927D1B5009F1A1B /* PageViewController.swift */ = {isa = PBXFileReference; lastKnownFileType = sourcecode.swift; path = PageViewController.swift; sourceTree = "<group>"; };
		B436B61D29286968009F1A1B /* DocumentPickerView.swift */ = {isa = PBXFileReference; lastKnownFileType = sourcecode.swift; path = DocumentPickerView.swift; sourceTree = "<group>"; };
		B436B62129286F18009F1A1B /* DocumentListView.swift */ = {isa = PBXFileReference; lastKnownFileType = sourcecode.swift; path = DocumentListView.swift; sourceTree = "<group>"; };
		B436B623292870FC009F1A1B /* DocumentView.swift */ = {isa = PBXFileReference; lastKnownFileType = sourcecode.swift; path = DocumentView.swift; sourceTree = "<group>"; };
		B44EE6EC2928EC0D0005B083 /* DocumentTextView.swift */ = {isa = PBXFileReference; lastKnownFileType = sourcecode.swift; path = DocumentTextView.swift; sourceTree = "<group>"; };
		B44EE6EE2928EC9C0005B083 /* DocumentTextContainer.swift */ = {isa = PBXFileReference; lastKnownFileType = sourcecode.swift; path = DocumentTextContainer.swift; sourceTree = "<group>"; };
		B44EE81F29290C580005B083 /* sloth-Bridging-Header.h */ = {isa = PBXFileReference; lastKnownFileType = sourcecode.c.h; path = "sloth-Bridging-Header.h"; sourceTree = "<group>"; };
		B46828F029278CE900A3E113 /* sloth.app */ = {isa = PBXFileReference; explicitFileType = wrapper.application; includeInIndex = 0; path = sloth.app; sourceTree = BUILT_PRODUCTS_DIR; };
		B46828F329278CE900A3E113 /* slothApp.swift */ = {isa = PBXFileReference; lastKnownFileType = sourcecode.swift; path = slothApp.swift; sourceTree = "<group>"; };
		B46828F529278CE900A3E113 /* ContentView.swift */ = {isa = PBXFileReference; lastKnownFileType = sourcecode.swift; path = ContentView.swift; sourceTree = "<group>"; };
		B46828F729278CEB00A3E113 /* Assets.xcassets */ = {isa = PBXFileReference; lastKnownFileType = folder.assetcatalog; path = Assets.xcassets; sourceTree = "<group>"; };
		B46828FA29278CEB00A3E113 /* Preview Assets.xcassets */ = {isa = PBXFileReference; lastKnownFileType = folder.assetcatalog; path = "Preview Assets.xcassets"; sourceTree = "<group>"; };
		B4E76285292D9AC8000D44AF /* ecdict.db.zip */ = {isa = PBXFileReference; lastKnownFileType = archive.zip; path = ecdict.db.zip; sourceTree = "<group>"; };
		B4E76287292D9AF0000D44AF /* WebListView.swift */ = {isa = PBXFileReference; lastKnownFileType = sourcecode.swift; path = WebListView.swift; sourceTree = "<group>"; };
/* End PBXFileReference section */

/* Begin PBXFrameworksBuildPhase section */
		B46828ED29278CE900A3E113 /* Frameworks */ = {
			isa = PBXFrameworksBuildPhase;
			buildActionMask = 2147483647;
			files = (
				B4E76282292BAE10000D44AF /* SQLite in Frameworks */,
				B4E7627B292A2974000D44AF /* EPUBKit in Frameworks */,
			);
			runOnlyForDeploymentPostprocessing = 0;
		};
/* End PBXFrameworksBuildPhase section */

/* Begin PBXGroup section */
		98E40F6D292DBFA100BBFD48 /* Translator */ = {
			isa = PBXGroup;
			children = (
				98E40F6E292DBFA100BBFD48 /* Translator.swift */,
				98E40F6F292DBFA100BBFD48 /* ECDICTHelper.swift */,
				98E40F72292DBFCA00BBFD48 /* DocumentTranslatorView.swift */,
			);
			path = Translator;
			sourceTree = "<group>";
		};
		B46828E729278CE900A3E113 = {
			isa = PBXGroup;
			children = (
				B46828F229278CE900A3E113 /* sloth */,
				B46828F129278CE900A3E113 /* Products */,
			);
			sourceTree = "<group>";
		};
		B46828F129278CE900A3E113 /* Products */ = {
			isa = PBXGroup;
			children = (
				B46828F029278CE900A3E113 /* sloth.app */,
			);
			name = Products;
			sourceTree = "<group>";
		};
		B46828F229278CE900A3E113 /* sloth */ = {
			isa = PBXGroup;
			children = (
				98E40F74292DC94800BBFD48 /* pg69407.epub */,
				98E40F6D292DBFA100BBFD48 /* Translator */,
				B4E76285292D9AC8000D44AF /* ecdict.db.zip */,
				B46828F329278CE900A3E113 /* slothApp.swift */,
				B46828F529278CE900A3E113 /* ContentView.swift */,
				B46828F729278CEB00A3E113 /* Assets.xcassets */,
				B46828F929278CEB00A3E113 /* Preview Content */,
				B436B5FE2927AE2C009F1A1B /* WebView.swift */,
				B436B61B2927D1B5009F1A1B /* PageViewController.swift */,
				B436B61D29286968009F1A1B /* DocumentPickerView.swift */,
				B436B62129286F18009F1A1B /* DocumentListView.swift */,
				B436B623292870FC009F1A1B /* DocumentView.swift */,
				B44EE6EC2928EC0D0005B083 /* DocumentTextView.swift */,
				B44EE6EE2928EC9C0005B083 /* DocumentTextContainer.swift */,
				B44EE81F29290C580005B083 /* sloth-Bridging-Header.h */,
				B4E76287292D9AF0000D44AF /* WebListView.swift */,
			);
			path = sloth;
			sourceTree = "<group>";
		};
		B46828F929278CEB00A3E113 /* Preview Content */ = {
			isa = PBXGroup;
			children = (
				B46828FA29278CEB00A3E113 /* Preview Assets.xcassets */,
			);
			path = "Preview Content";
			sourceTree = "<group>";
		};
/* End PBXGroup section */

/* Begin PBXNativeTarget section */
		B46828EF29278CE900A3E113 /* sloth */ = {
			isa = PBXNativeTarget;
			buildConfigurationList = B46828FE29278CEB00A3E113 /* Build configuration list for PBXNativeTarget "sloth" */;
			buildPhases = (
				B46828EC29278CE900A3E113 /* Sources */,
				B46828ED29278CE900A3E113 /* Frameworks */,
				B46828EE29278CE900A3E113 /* Resources */,
			);
			buildRules = (
			);
			dependencies = (
			);
			name = sloth;
			packageProductDependencies = (
				B4E7627A292A2974000D44AF /* EPUBKit */,
				B4E76281292BAE10000D44AF /* SQLite */,
			);
			productName = sloth;
			productReference = B46828F029278CE900A3E113 /* sloth.app */;
			productType = "com.apple.product-type.application";
		};
/* End PBXNativeTarget section */

/* Begin PBXProject section */
		B46828E829278CE900A3E113 /* Project object */ = {
			isa = PBXProject;
			attributes = {
				BuildIndependentTargetsInParallel = 1;
				LastSwiftUpdateCheck = 1410;
				LastUpgradeCheck = 1410;
				TargetAttributes = {
					B46828EF29278CE900A3E113 = {
						CreatedOnToolsVersion = 14.1;
					};
				};
			};
			buildConfigurationList = B46828EB29278CE900A3E113 /* Build configuration list for PBXProject "sloth" */;
			compatibilityVersion = "Xcode 14.0";
			developmentRegion = en;
			hasScannedForEncodings = 0;
			knownRegions = (
				en,
				Base,
			);
			mainGroup = B46828E729278CE900A3E113;
			packageReferences = (
				B4E76279292A2974000D44AF /* XCRemoteSwiftPackageReference "EPUBKit" */,
				B4E76280292BAE10000D44AF /* XCRemoteSwiftPackageReference "SQLite" */,
			);
			productRefGroup = B46828F129278CE900A3E113 /* Products */;
			projectDirPath = "";
			projectRoot = "";
			targets = (
				B46828EF29278CE900A3E113 /* sloth */,
			);
		};
/* End PBXProject section */

/* Begin PBXResourcesBuildPhase section */
		B46828EE29278CE900A3E113 /* Resources */ = {
			isa = PBXResourcesBuildPhase;
			buildActionMask = 2147483647;
			files = (
				B46828FB29278CEB00A3E113 /* Preview Assets.xcassets in Resources */,
				B4E76286292D9AC8000D44AF /* ecdict.db.zip in Resources */,
				B46828F829278CEB00A3E113 /* Assets.xcassets in Resources */,
				98E40F75292DC94800BBFD48 /* pg69407.epub in Resources */,
			);
			runOnlyForDeploymentPostprocessing = 0;
		};
/* End PBXResourcesBuildPhase section */

/* Begin PBXSourcesBuildPhase section */
		B46828EC29278CE900A3E113 /* Sources */ = {
			isa = PBXSourcesBuildPhase;
			buildActionMask = 2147483647;
			files = (
				98E40F70292DBFA100BBFD48 /* Translator.swift in Sources */,
				B4E76288292D9AF0000D44AF /* WebListView.swift in Sources */,
				B44EE6ED2928EC0D0005B083 /* DocumentTextView.swift in Sources */,
				B436B5FF2927AE2C009F1A1B /* WebView.swift in Sources */,
				B436B61E29286969009F1A1B /* DocumentPickerView.swift in Sources */,
				B44EE6EF2928EC9C0005B083 /* DocumentTextContainer.swift in Sources */,
				B46828F629278CE900A3E113 /* ContentView.swift in Sources */,
				B436B62229286F18009F1A1B /* DocumentListView.swift in Sources */,
				B46828F429278CE900A3E113 /* slothApp.swift in Sources */,
				98E40F71292DBFA100BBFD48 /* ECDICTHelper.swift in Sources */,
				98E40F73292DBFCA00BBFD48 /* DocumentTranslatorView.swift in Sources */,
				B436B61C2927D1B5009F1A1B /* PageViewController.swift in Sources */,
				B436B624292870FC009F1A1B /* DocumentView.swift in Sources */,
			);
			runOnlyForDeploymentPostprocessing = 0;
		};
/* End PBXSourcesBuildPhase section */

/* Begin XCBuildConfiguration section */
		B46828FC29278CEB00A3E113 /* Debug */ = {
			isa = XCBuildConfiguration;
			buildSettings = {
				ALWAYS_SEARCH_USER_PATHS = NO;
				CLANG_ANALYZER_NONNULL = YES;
				CLANG_ANALYZER_NUMBER_OBJECT_CONVERSION = YES_AGGRESSIVE;
				CLANG_CXX_LANGUAGE_STANDARD = "gnu++20";
				CLANG_ENABLE_MODULES = YES;
				CLANG_ENABLE_OBJC_ARC = YES;
				CLANG_ENABLE_OBJC_WEAK = YES;
				CLANG_WARN_BLOCK_CAPTURE_AUTORELEASING = YES;
				CLANG_WARN_BOOL_CONVERSION = YES;
				CLANG_WARN_COMMA = YES;
				CLANG_WARN_CONSTANT_CONVERSION = YES;
				CLANG_WARN_DEPRECATED_OBJC_IMPLEMENTATIONS = YES;
				CLANG_WARN_DIRECT_OBJC_ISA_USAGE = YES_ERROR;
				CLANG_WARN_DOCUMENTATION_COMMENTS = YES;
				CLANG_WARN_EMPTY_BODY = YES;
				CLANG_WARN_ENUM_CONVERSION = YES;
				CLANG_WARN_INFINITE_RECURSION = YES;
				CLANG_WARN_INT_CONVERSION = YES;
				CLANG_WARN_NON_LITERAL_NULL_CONVERSION = YES;
				CLANG_WARN_OBJC_IMPLICIT_RETAIN_SELF = YES;
				CLANG_WARN_OBJC_LITERAL_CONVERSION = YES;
				CLANG_WARN_OBJC_ROOT_CLASS = YES_ERROR;
				CLANG_WARN_QUOTED_INCLUDE_IN_FRAMEWORK_HEADER = YES;
				CLANG_WARN_RANGE_LOOP_ANALYSIS = YES;
				CLANG_WARN_STRICT_PROTOTYPES = YES;
				CLANG_WARN_SUSPICIOUS_MOVE = YES;
				CLANG_WARN_UNGUARDED_AVAILABILITY = YES_AGGRESSIVE;
				CLANG_WARN_UNREACHABLE_CODE = YES;
				CLANG_WARN__DUPLICATE_METHOD_MATCH = YES;
				COPY_PHASE_STRIP = NO;
				DEBUG_INFORMATION_FORMAT = dwarf;
				ENABLE_STRICT_OBJC_MSGSEND = YES;
				ENABLE_TESTABILITY = YES;
				GCC_C_LANGUAGE_STANDARD = gnu11;
				GCC_DYNAMIC_NO_PIC = NO;
				GCC_NO_COMMON_BLOCKS = YES;
				GCC_OPTIMIZATION_LEVEL = 0;
				GCC_PREPROCESSOR_DEFINITIONS = (
					"DEBUG=1",
					"$(inherited)",
				);
				GCC_WARN_64_TO_32_BIT_CONVERSION = YES;
				GCC_WARN_ABOUT_RETURN_TYPE = YES_ERROR;
				GCC_WARN_UNDECLARED_SELECTOR = YES;
				GCC_WARN_UNINITIALIZED_AUTOS = YES_AGGRESSIVE;
				GCC_WARN_UNUSED_FUNCTION = YES;
				GCC_WARN_UNUSED_VARIABLE = YES;
				IPHONEOS_DEPLOYMENT_TARGET = 16.1;
				MTL_ENABLE_DEBUG_INFO = INCLUDE_SOURCE;
				MTL_FAST_MATH = YES;
				ONLY_ACTIVE_ARCH = YES;
				SDKROOT = iphoneos;
				SWIFT_ACTIVE_COMPILATION_CONDITIONS = DEBUG;
				SWIFT_OPTIMIZATION_LEVEL = "-Onone";
			};
			name = Debug;
		};
		B46828FD29278CEB00A3E113 /* Release */ = {
			isa = XCBuildConfiguration;
			buildSettings = {
				ALWAYS_SEARCH_USER_PATHS = NO;
				CLANG_ANALYZER_NONNULL = YES;
				CLANG_ANALYZER_NUMBER_OBJECT_CONVERSION = YES_AGGRESSIVE;
				CLANG_CXX_LANGUAGE_STANDARD = "gnu++20";
				CLANG_ENABLE_MODULES = YES;
				CLANG_ENABLE_OBJC_ARC = YES;
				CLANG_ENABLE_OBJC_WEAK = YES;
				CLANG_WARN_BLOCK_CAPTURE_AUTORELEASING = YES;
				CLANG_WARN_BOOL_CONVERSION = YES;
				CLANG_WARN_COMMA = YES;
				CLANG_WARN_CONSTANT_CONVERSION = YES;
				CLANG_WARN_DEPRECATED_OBJC_IMPLEMENTATIONS = YES;
				CLANG_WARN_DIRECT_OBJC_ISA_USAGE = YES_ERROR;
				CLANG_WARN_DOCUMENTATION_COMMENTS = YES;
				CLANG_WARN_EMPTY_BODY = YES;
				CLANG_WARN_ENUM_CONVERSION = YES;
				CLANG_WARN_INFINITE_RECURSION = YES;
				CLANG_WARN_INT_CONVERSION = YES;
				CLANG_WARN_NON_LITERAL_NULL_CONVERSION = YES;
				CLANG_WARN_OBJC_IMPLICIT_RETAIN_SELF = YES;
				CLANG_WARN_OBJC_LITERAL_CONVERSION = YES;
				CLANG_WARN_OBJC_ROOT_CLASS = YES_ERROR;
				CLANG_WARN_QUOTED_INCLUDE_IN_FRAMEWORK_HEADER = YES;
				CLANG_WARN_RANGE_LOOP_ANALYSIS = YES;
				CLANG_WARN_STRICT_PROTOTYPES = YES;
				CLANG_WARN_SUSPICIOUS_MOVE = YES;
				CLANG_WARN_UNGUARDED_AVAILABILITY = YES_AGGRESSIVE;
				CLANG_WARN_UNREACHABLE_CODE = YES;
				CLANG_WARN__DUPLICATE_METHOD_MATCH = YES;
				COPY_PHASE_STRIP = NO;
				DEBUG_INFORMATION_FORMAT = "dwarf-with-dsym";
				ENABLE_NS_ASSERTIONS = NO;
				ENABLE_STRICT_OBJC_MSGSEND = YES;
				GCC_C_LANGUAGE_STANDARD = gnu11;
				GCC_NO_COMMON_BLOCKS = YES;
				GCC_WARN_64_TO_32_BIT_CONVERSION = YES;
				GCC_WARN_ABOUT_RETURN_TYPE = YES_ERROR;
				GCC_WARN_UNDECLARED_SELECTOR = YES;
				GCC_WARN_UNINITIALIZED_AUTOS = YES_AGGRESSIVE;
				GCC_WARN_UNUSED_FUNCTION = YES;
				GCC_WARN_UNUSED_VARIABLE = YES;
				IPHONEOS_DEPLOYMENT_TARGET = 16.1;
				MTL_ENABLE_DEBUG_INFO = NO;
				MTL_FAST_MATH = YES;
				SDKROOT = iphoneos;
				SWIFT_COMPILATION_MODE = wholemodule;
				SWIFT_OPTIMIZATION_LEVEL = "-O";
				VALIDATE_PRODUCT = YES;
			};
			name = Release;
		};
		B46828FF29278CEB00A3E113 /* Debug */ = {
			isa = XCBuildConfiguration;
			buildSettings = {
				ASSETCATALOG_COMPILER_APPICON_NAME = AppIcon;
				ASSETCATALOG_COMPILER_GLOBAL_ACCENT_COLOR_NAME = AccentColor;
				CODE_SIGN_STYLE = Automatic;
				CURRENT_PROJECT_VERSION = 1;
				DEVELOPMENT_ASSET_PATHS = "\"sloth/Preview Content\"";
				DEVELOPMENT_TEAM = E8MXEZ8C96;
				ENABLE_PREVIEWS = YES;
				GENERATE_INFOPLIST_FILE = YES;
				INFOPLIST_KEY_UIApplicationSceneManifest_Generation = YES;
				INFOPLIST_KEY_UIApplicationSupportsIndirectInputEvents = YES;
				INFOPLIST_KEY_UILaunchScreen_Generation = YES;
				INFOPLIST_KEY_UISupportedInterfaceOrientations_iPad = "UIInterfaceOrientationPortrait UIInterfaceOrientationPortraitUpsideDown UIInterfaceOrientationLandscapeLeft UIInterfaceOrientationLandscapeRight";
				INFOPLIST_KEY_UISupportedInterfaceOrientations_iPhone = "UIInterfaceOrientationPortrait UIInterfaceOrientationLandscapeLeft UIInterfaceOrientationLandscapeRight";
				LD_RUNPATH_SEARCH_PATHS = (
					"$(inherited)",
					"@executable_path/Frameworks",
				);
				MARKETING_VERSION = 1.0;
				PRODUCT_BUNDLE_IDENTIFIER = net.stoprain.sloth;
				PRODUCT_NAME = "$(TARGET_NAME)";
				SWIFT_EMIT_LOC_STRINGS = YES;
				SWIFT_OBJC_BRIDGING_HEADER = "sloth/sloth-Bridging-Header.h";
				SWIFT_VERSION = 5.0;
				TARGETED_DEVICE_FAMILY = "1,2";
			};
			name = Debug;
		};
		B468290029278CEB00A3E113 /* Release */ = {
			isa = XCBuildConfiguration;
			buildSettings = {
				ASSETCATALOG_COMPILER_APPICON_NAME = AppIcon;
				ASSETCATALOG_COMPILER_GLOBAL_ACCENT_COLOR_NAME = AccentColor;
				CODE_SIGN_STYLE = Automatic;
				CURRENT_PROJECT_VERSION = 1;
				DEVELOPMENT_ASSET_PATHS = "\"sloth/Preview Content\"";
				DEVELOPMENT_TEAM = E8MXEZ8C96;
				ENABLE_PREVIEWS = YES;
				GENERATE_INFOPLIST_FILE = YES;
				INFOPLIST_KEY_UIApplicationSceneManifest_Generation = YES;
				INFOPLIST_KEY_UIApplicationSupportsIndirectInputEvents = YES;
				INFOPLIST_KEY_UILaunchScreen_Generation = YES;
				INFOPLIST_KEY_UISupportedInterfaceOrientations_iPad = "UIInterfaceOrientationPortrait UIInterfaceOrientationPortraitUpsideDown UIInterfaceOrientationLandscapeLeft UIInterfaceOrientationLandscapeRight";
				INFOPLIST_KEY_UISupportedInterfaceOrientations_iPhone = "UIInterfaceOrientationPortrait UIInterfaceOrientationLandscapeLeft UIInterfaceOrientationLandscapeRight";
				LD_RUNPATH_SEARCH_PATHS = (
					"$(inherited)",
					"@executable_path/Frameworks",
				);
				MARKETING_VERSION = 1.0;
				PRODUCT_BUNDLE_IDENTIFIER = net.stoprain.sloth;
				PRODUCT_NAME = "$(TARGET_NAME)";
				SWIFT_EMIT_LOC_STRINGS = YES;
				SWIFT_OBJC_BRIDGING_HEADER = "sloth/sloth-Bridging-Header.h";
				SWIFT_VERSION = 5.0;
				TARGETED_DEVICE_FAMILY = "1,2";
			};
			name = Release;
		};
/* End XCBuildConfiguration section */

/* Begin XCConfigurationList section */
		B46828EB29278CE900A3E113 /* Build configuration list for PBXProject "sloth" */ = {
			isa = XCConfigurationList;
			buildConfigurations = (
				B46828FC29278CEB00A3E113 /* Debug */,
				B46828FD29278CEB00A3E113 /* Release */,
			);
			defaultConfigurationIsVisible = 0;
			defaultConfigurationName = Release;
		};
		B46828FE29278CEB00A3E113 /* Build configuration list for PBXNativeTarget "sloth" */ = {
			isa = XCConfigurationList;
			buildConfigurations = (
				B46828FF29278CEB00A3E113 /* Debug */,
				B468290029278CEB00A3E113 /* Release */,
			);
			defaultConfigurationIsVisible = 0;
			defaultConfigurationName = Release;
		};
/* End XCConfigurationList section */

/* Begin XCRemoteSwiftPackageReference section */
		B4E76279292A2974000D44AF /* XCRemoteSwiftPackageReference "EPUBKit" */ = {
			isa = XCRemoteSwiftPackageReference;
			repositoryURL = "https://github.com/witekbobrowski/EPUBKit";
			requirement = {
				kind = upToNextMajorVersion;
				minimumVersion = 0.4.0;
			};
		};
		B4E76280292BAE10000D44AF /* XCRemoteSwiftPackageReference "SQLite" */ = {
			isa = XCRemoteSwiftPackageReference;
			repositoryURL = "https://github.com/stephencelis/SQLite.swift";
			requirement = {
				kind = upToNextMajorVersion;
				minimumVersion = 0.9.2;
			};
		};
/* End XCRemoteSwiftPackageReference section */

/* Begin XCSwiftPackageProductDependency section */
		B4E7627A292A2974000D44AF /* EPUBKit */ = {
			isa = XCSwiftPackageProductDependency;
			package = B4E76279292A2974000D44AF /* XCRemoteSwiftPackageReference "EPUBKit" */;
			productName = EPUBKit;
		};
		B4E76281292BAE10000D44AF /* SQLite */ = {
			isa = XCSwiftPackageProductDependency;
			package = B4E76280292BAE10000D44AF /* XCRemoteSwiftPackageReference "SQLite" */;
			productName = SQLite;
		};
/* End XCSwiftPackageProductDependency section */
	};
	rootObject = B46828E829278CE900A3E113 /* Project object */;
}
